{"version":4,"terraform_version":"1.11.6","serial":5,"lineage":"afc9fa25-7745-944c-7c8b-ea82d6fbe43c","outputs":{"node_ips":{"value":{"k3s-master":"10.147.215.100","k3s-worker1":"10.147.215.209","k3s-worker2":"10.147.215.187","nfs-server":"10.147.215.234"},"type":["object",{"k3s-master":"string","k3s-worker1":"string","k3s-worker2":"string","nfs-server":"string"}]}},"resources":[{"mode":"managed","type":"multipass_instance","name":"nodes","provider":"provider[\"registry.opentofu.org/larstobi/multipass\"]","instances":[{"index_key":"k3s-master","schema_version":0,"attributes":{"cloudinit_file":"./cloud-init/master/user-data.yaml","cpus":2,"disk":"10G","image":"24.04","ipv4":"10.147.215.100","memory":"2G","name":"k3s-master"},"sensitive_attributes":[]},{"index_key":"k3s-worker1","schema_version":0,"attributes":{"cloudinit_file":"./cloud-init/worker1/user-data.yaml","cpus":2,"disk":"10G","image":"24.04","ipv4":"10.147.215.209","memory":"2G","name":"k3s-worker1"},"sensitive_attributes":[]},{"index_key":"k3s-worker2","schema_version":0,"attributes":{"cloudinit_file":"./cloud-init/worker2/user-data.yaml","cpus":2,"disk":"10G","image":"24.04","ipv4":"10.147.215.187","memory":"2G","name":"k3s-worker2"},"sensitive_attributes":[]},{"index_key":"nfs-server","schema_version":0,"attributes":{"cloudinit_file":"./cloud-init/nfs/user-data.yaml","cpus":1,"disk":"20G","image":"24.04","ipv4":"10.147.215.234","memory":"1G","name":"nfs-server"},"sensitive_attributes":[]}]}],"check_results":null}
